
Microsoft Visual Studio Solution File, Format Version 12.00
# Visual Studio Version 17
VisualStudioVersion = 17.10.35027.167
MinimumVisualStudioVersion = 10.0.40219.1
Project("{2150E333-8FDC-42A3-9474-1A3956D46DE8}") = "WebApi", "WebApi", "{C8926C5D-2F67-4F90-982B-FFB45F517D65}"
EndProject
Project("{2150E333-8FDC-42A3-9474-1A3956D46DE8}") = "Infrastructure", "Infrastructure", "{BD3812F8-8783-42C6-B231-8A032EF9481F}"
EndProject
Project("{2150E333-8FDC-42A3-9474-1A3956D46DE8}") = "Domain", "Domain", "{77C73D0D-E122-4C65-B63B-B89C8E28F69E}"
EndProject
Project("{2150E333-8FDC-42A3-9474-1A3956D46DE8}") = "Aplication", "Aplication", "{7DC3E4B1-675C-4122-AA58-4BCBA06C4A82}"
EndProject
Project("{2150E333-8FDC-42A3-9474-1A3956D46DE8}") = "Crosscutting", "Crosscutting", "{040F270A-3788-4E88-99A6-F236286DE3E7}"
EndProject
Project("{2150E333-8FDC-42A3-9474-1A3956D46DE8}") = "Core", "Core", "{D2B590AD-CC11-4062-A3C3-0718E17D651C}"
EndProject
Project("{2150E333-8FDC-42A3-9474-1A3956D46DE8}") = "Drivers", "Drivers", "{FC704106-833B-484D-B71C-E45123A9EC30}"
EndProject
Project("{2150E333-8FDC-42A3-9474-1A3956D46DE8}") = "Driven", "Driven", "{54A8F6F9-D101-4680-9D83-148EFA188F0E}"
EndProject
Project("{2150E333-8FDC-42A3-9474-1A3956D46DE8}") = "Adapters", "Adapters", "{451349E0-02AB-415D-9D73-E91A6509404A}"
EndProject
Project("{2150E333-8FDC-42A3-9474-1A3956D46DE8}") = "Tests", "Tests", "{1ADFD29B-9AE9-4E79-923B-072E807A2AAF}"
EndProject
Project("{2150E333-8FDC-42A3-9474-1A3956D46DE8}") = "Unit", "Unit", "{9057D64B-F3A3-4127-89EA-622C2430FD25}"
EndProject
Project("{2150E333-8FDC-42A3-9474-1A3956D46DE8}") = "Integration", "Integration", "{D641472C-1E35-4F9D-8949-90E6C17D7078}"
EndProject
Project("{2150E333-8FDC-42A3-9474-1A3956D46DE8}") = "Functional", "Functional", "{95501476-3BCD-48DA-A4E5-696A0B78A0BD}"
EndProject
Project("{9A19103F-16F7-4668-BE54-9A1E7A4F7556}") = "Ambev.SalesDeveloperEvaluation.Infrastructure", "src\Sales\Ambev.SalesDeveloperEvaluation.Infrastructure\Ambev.SalesDeveloperEvaluation.Infrastructure.csproj", "{B62C8404-A5FA-4D58-9398-1E3C55C28D14}"
EndProject
Project("{9A19103F-16F7-4668-BE54-9A1E7A4F7556}") = "Ambev.SalesDeveloperEvaluation.Application", "src\Sales\Ambev.SalesDeveloperEvaluation.Application\Ambev.SalesDeveloperEvaluation.Application.csproj", "{80CED839-FE4A-4286-9403-252D230BA2A0}"
EndProject
Project("{9A19103F-16F7-4668-BE54-9A1E7A4F7556}") = "Ambev.SalesDeveloperEvaluation.IoC", "src\Sales\Ambev.SalesDeveloperEvaluation.IoC\Ambev.SalesDeveloperEvaluation.IoC.csproj", "{C0DDDE39-2D65-4AF5-90D4-F35D87A79009}"
EndProject
Project("{9A19103F-16F7-4668-BE54-9A1E7A4F7556}") = "Ambev.SalesDeveloperEvaluation.WebApi", "src\Sales\Ambev.SalesDeveloperEvaluation.WebApi\Ambev.SalesDeveloperEvaluation.WebApi.csproj", "{2B484022-3EF7-4BAB-ADB8-849F9E419EDD}"
EndProject
Project("{E53339B2-1760-4266-BCC7-CA923CBCF16C}") = "docker-compose", "docker-compose.dcproj", "{4AF79501-F785-4B98-8EE5-54BE186D67A2}"
EndProject
Project("{2150E333-8FDC-42A3-9474-1A3956D46DE8}") = "Solution Items", "Solution Items", "{C361795D-30EF-4513-B313-8622BE1AD313}"
	ProjectSection(SolutionItems) = preProject
		.editorconfig = .editorconfig
	EndProjectSection
EndProject
Project("{FAE04EC0-301F-11D3-BF4B-00C04F79EFBC}") = "Ambev.UsersDeveloperEvaluation.Tests.Integration", "tests\Ambev.UsersDeveloperEvaluation.Tests.Integration\Ambev.UsersDeveloperEvaluation.Tests.Integration.csproj", "{13FB6752-9BC0-4FD8-9A7A-27E6A8D9771B}"
EndProject
Project("{FAE04EC0-301F-11D3-BF4B-00C04F79EFBC}") = "Ambev.SalesDeveloperEvaluation.Tests.Integration", "tests\Ambev.SalesDeveloperEvaluation.Tests.Integration\Ambev.SalesDeveloperEvaluation.Tests.Integration.csproj", "{AD29BE0F-6E29-4E7A-9312-F31431678617}"
EndProject
Project("{FAE04EC0-301F-11D3-BF4B-00C04F79EFBC}") = "Ambev.ProductsDeveloperEvaluation.Tests.Integration", "tests\Ambev.ProductsDeveloperEvaluation.Tests.Integration\Ambev.ProductsDeveloperEvaluation.Tests.Integration.csproj", "{B10C6018-2154-42CF-B199-34ACC11D4116}"
EndProject
Project("{FAE04EC0-301F-11D3-BF4B-00C04F79EFBC}") = "Ambev.UsersDeveloperEvaluation.Tests.Unit", "tests\Ambev.UsersDeveloperEvaluation.Tests.Unit\Ambev.UsersDeveloperEvaluation.Tests.Unit.csproj", "{05BC5553-5423-46E8-B996-E69DFB59430A}"
EndProject
Project("{FAE04EC0-301F-11D3-BF4B-00C04F79EFBC}") = "Ambev.SalesDeveloperEvaluation.Tests.Unit", "tests\Ambev.SalesDeveloperEvaluation.Tests.Unit\Ambev.SalesDeveloperEvaluation.Tests.Unit.csproj", "{22E352A4-7383-4EA7-AC06-3FC0DA85F98A}"
EndProject
Project("{FAE04EC0-301F-11D3-BF4B-00C04F79EFBC}") = "Ambev.ProductsDeveloperEvaluation.Tests.Unit", "tests\Ambev.ProductsDeveloperEvaluation.Tests.Unit\Ambev.ProductsDeveloperEvaluation.Tests.Unit.csproj", "{443F8F52-6F53-49DC-ADC7-6B2D52315C0F}"
EndProject
Project("{FAE04EC0-301F-11D3-BF4B-00C04F79EFBC}") = "Ambev.UsersDeveloperEvaluation.IoC", "src\Users\Ambev.UsersDeveloperEvaluation.IoC\Ambev.UsersDeveloperEvaluation.IoC.csproj", "{F76C5B0D-5B4F-4D48-92FB-CA52F8AFE87D}"
EndProject
Project("{FAE04EC0-301F-11D3-BF4B-00C04F79EFBC}") = "Ambev.ProductsDeveloperEvaluation.IoC", "src\Products\Ambev.ProductsDeveloperEvaluation.IoC\Ambev.ProductsDeveloperEvaluation.IoC.csproj", "{89FFE992-295F-4F4D-B2A5-4A47F1FE1A8D}"
EndProject
Project("{FAE04EC0-301F-11D3-BF4B-00C04F79EFBC}") = "Ambev.UsersDeveloperEvaluation.Infrastructure", "src\Users\Ambev.UsersDeveloperEvaluation.Infrastructure\Ambev.UsersDeveloperEvaluation.Infrastructure.csproj", "{3CAB3FA1-948F-4C26-9CC9-2D366F4A42D7}"
EndProject
Project("{FAE04EC0-301F-11D3-BF4B-00C04F79EFBC}") = "Ambev.ProductsDeveloperEvaluation.Infrastructure", "src\Products\Ambev.ProductsDeveloperEvaluation.Infrastructure\Ambev.ProductsDeveloperEvaluation.Infrastructure.csproj", "{3B1158EE-7966-43DC-9226-6D5EE2ED06C6}"
EndProject
Project("{FAE04EC0-301F-11D3-BF4B-00C04F79EFBC}") = "Ambev.UsersDeveloperEvaluation.WebApi", "src\Users\Ambev.UsersDeveloperEvaluation.WebApi\Ambev.UsersDeveloperEvaluation.WebApi.csproj", "{6F86F687-CF40-4028-BDA8-B69753B33619}"
EndProject
Project("{FAE04EC0-301F-11D3-BF4B-00C04F79EFBC}") = "Ambev.ProductsDeveloperEvaluation.WebApi", "src\Products\Ambev.ProductsDeveloperEvaluation.WebApi\Ambev.ProductsDeveloperEvaluation.WebApi.csproj", "{EE98B96C-650B-4A7C-B3C1-C3148F655179}"
EndProject
Project("{FAE04EC0-301F-11D3-BF4B-00C04F79EFBC}") = "Ambev.UsersDeveloperEvaluation.Application", "src\Users\Ambev.UsersDeveloperEvaluation.Application\Ambev.UsersDeveloperEvaluation.Application.csproj", "{AC5B5E03-05ED-451B-B43C-42016E467150}"
EndProject
Project("{FAE04EC0-301F-11D3-BF4B-00C04F79EFBC}") = "Ambev.ProductsDeveloperEvaluation.Application", "src\Products\Ambev.ProductsDeveloperEvaluation.Application\Ambev.ProductsDeveloperEvaluation.Application.csproj", "{82F7CFC2-AAF9-4D62-A2AE-A73053EE5384}"
EndProject
Project("{FAE04EC0-301F-11D3-BF4B-00C04F79EFBC}") = "Ambev.UsersDeveloperEvaluation.Domain", "src\Users\Ambev.UsersDeveloperEvaluation.Domain\Ambev.UsersDeveloperEvaluation.Domain.csproj", "{69F10365-D297-4F34-B26D-98E5AC1ED094}"
EndProject
Project("{FAE04EC0-301F-11D3-BF4B-00C04F79EFBC}") = "Ambev.SalesDeveloperEvaluation.Domain", "src\Sales\Ambev.SalesDeveloperEvaluation.Domain\Ambev.SalesDeveloperEvaluation.Domain.csproj", "{FA9BDCBE-2B8A-4B30-86A2-1A029EB589F8}"
EndProject
Project("{FAE04EC0-301F-11D3-BF4B-00C04F79EFBC}") = "Ambev.ProductsDeveloperEvaluation.Domain", "src\Products\Ambev.ProductsDeveloperEvaluation.Domain\Ambev.ProductsDeveloperEvaluation.Domain.csproj", "{4D7EA6D6-3481-4E4F-BA9A-4F4CED171CFC}"
EndProject
Project("{FAE04EC0-301F-11D3-BF4B-00C04F79EFBC}") = "Ambev.DeveloperEvaluation.Domain.Common", "src\Ambev.DeveloperEvaluation.Domain.Common\Ambev.DeveloperEvaluation.Domain.Common.csproj", "{A4AB473F-BAEF-4993-BEDF-5ECCF7BCDF0E}"
EndProject
Project("{FAE04EC0-301F-11D3-BF4B-00C04F79EFBC}") = "Ambev.DeveloperEvaluation.WebApi.Common", "src\Ambev.DeveloperEvaluation.WebApi.Common\Ambev.DeveloperEvaluation.WebApi.Common.csproj", "{9183AB7A-024B-4220-BB5A-BD98DF5EBB58}"
EndProject
Project("{2150E333-8FDC-42A3-9474-1A3956D46DE8}") = "src", "src", "{108541E7-D23B-4967-9029-929B6CFE88AE}"
EndProject
Global
	GlobalSection(SolutionConfigurationPlatforms) = preSolution
		Debug|Any CPU = Debug|Any CPU
		Release|Any CPU = Release|Any CPU
	EndGlobalSection
	GlobalSection(ProjectConfigurationPlatforms) = postSolution
		{B62C8404-A5FA-4D58-9398-1E3C55C28D14}.Debug|Any CPU.ActiveCfg = Debug|Any CPU
		{B62C8404-A5FA-4D58-9398-1E3C55C28D14}.Debug|Any CPU.Build.0 = Debug|Any CPU
		{B62C8404-A5FA-4D58-9398-1E3C55C28D14}.Release|Any CPU.ActiveCfg = Release|Any CPU
		{B62C8404-A5FA-4D58-9398-1E3C55C28D14}.Release|Any CPU.Build.0 = Release|Any CPU
		{80CED839-FE4A-4286-9403-252D230BA2A0}.Debug|Any CPU.ActiveCfg = Debug|Any CPU
		{80CED839-FE4A-4286-9403-252D230BA2A0}.Debug|Any CPU.Build.0 = Debug|Any CPU
		{80CED839-FE4A-4286-9403-252D230BA2A0}.Release|Any CPU.ActiveCfg = Release|Any CPU
		{80CED839-FE4A-4286-9403-252D230BA2A0}.Release|Any CPU.Build.0 = Release|Any CPU
		{C0DDDE39-2D65-4AF5-90D4-F35D87A79009}.Debug|Any CPU.ActiveCfg = Debug|Any CPU
		{C0DDDE39-2D65-4AF5-90D4-F35D87A79009}.Debug|Any CPU.Build.0 = Debug|Any CPU
		{C0DDDE39-2D65-4AF5-90D4-F35D87A79009}.Release|Any CPU.ActiveCfg = Release|Any CPU
		{C0DDDE39-2D65-4AF5-90D4-F35D87A79009}.Release|Any CPU.Build.0 = Release|Any CPU
		{2B484022-3EF7-4BAB-ADB8-849F9E419EDD}.Debug|Any CPU.ActiveCfg = Debug|Any CPU
		{2B484022-3EF7-4BAB-ADB8-849F9E419EDD}.Debug|Any CPU.Build.0 = Debug|Any CPU
		{2B484022-3EF7-4BAB-ADB8-849F9E419EDD}.Release|Any CPU.ActiveCfg = Release|Any CPU
		{2B484022-3EF7-4BAB-ADB8-849F9E419EDD}.Release|Any CPU.Build.0 = Release|Any CPU
		{4AF79501-F785-4B98-8EE5-54BE186D67A2}.Debug|Any CPU.ActiveCfg = Debug|Any CPU
		{4AF79501-F785-4B98-8EE5-54BE186D67A2}.Debug|Any CPU.Build.0 = Debug|Any CPU
		{4AF79501-F785-4B98-8EE5-54BE186D67A2}.Release|Any CPU.ActiveCfg = Release|Any CPU
		{4AF79501-F785-4B98-8EE5-54BE186D67A2}.Release|Any CPU.Build.0 = Release|Any CPU
		{13FB6752-9BC0-4FD8-9A7A-27E6A8D9771B}.Debug|Any CPU.ActiveCfg = Debug|Any CPU
		{13FB6752-9BC0-4FD8-9A7A-27E6A8D9771B}.Debug|Any CPU.Build.0 = Debug|Any CPU
		{13FB6752-9BC0-4FD8-9A7A-27E6A8D9771B}.Release|Any CPU.ActiveCfg = Release|Any CPU
		{13FB6752-9BC0-4FD8-9A7A-27E6A8D9771B}.Release|Any CPU.Build.0 = Release|Any CPU
		{AD29BE0F-6E29-4E7A-9312-F31431678617}.Debug|Any CPU.ActiveCfg = Debug|Any CPU
		{AD29BE0F-6E29-4E7A-9312-F31431678617}.Debug|Any CPU.Build.0 = Debug|Any CPU
		{AD29BE0F-6E29-4E7A-9312-F31431678617}.Release|Any CPU.ActiveCfg = Release|Any CPU
		{AD29BE0F-6E29-4E7A-9312-F31431678617}.Release|Any CPU.Build.0 = Release|Any CPU
		{B10C6018-2154-42CF-B199-34ACC11D4116}.Debug|Any CPU.ActiveCfg = Debug|Any CPU
		{B10C6018-2154-42CF-B199-34ACC11D4116}.Debug|Any CPU.Build.0 = Debug|Any CPU
		{B10C6018-2154-42CF-B199-34ACC11D4116}.Release|Any CPU.ActiveCfg = Release|Any CPU
		{B10C6018-2154-42CF-B199-34ACC11D4116}.Release|Any CPU.Build.0 = Release|Any CPU
		{05BC5553-5423-46E8-B996-E69DFB59430A}.Debug|Any CPU.ActiveCfg = Debug|Any CPU
		{05BC5553-5423-46E8-B996-E69DFB59430A}.Debug|Any CPU.Build.0 = Debug|Any CPU
		{05BC5553-5423-46E8-B996-E69DFB59430A}.Release|Any CPU.ActiveCfg = Release|Any CPU
		{05BC5553-5423-46E8-B996-E69DFB59430A}.Release|Any CPU.Build.0 = Release|Any CPU
		{22E352A4-7383-4EA7-AC06-3FC0DA85F98A}.Debug|Any CPU.ActiveCfg = Debug|Any CPU
		{22E352A4-7383-4EA7-AC06-3FC0DA85F98A}.Debug|Any CPU.Build.0 = Debug|Any CPU
		{22E352A4-7383-4EA7-AC06-3FC0DA85F98A}.Release|Any CPU.ActiveCfg = Release|Any CPU
		{22E352A4-7383-4EA7-AC06-3FC0DA85F98A}.Release|Any CPU.Build.0 = Release|Any CPU
		{443F8F52-6F53-49DC-ADC7-6B2D52315C0F}.Debug|Any CPU.ActiveCfg = Debug|Any CPU
		{443F8F52-6F53-49DC-ADC7-6B2D52315C0F}.Debug|Any CPU.Build.0 = Debug|Any CPU
		{443F8F52-6F53-49DC-ADC7-6B2D52315C0F}.Release|Any CPU.ActiveCfg = Release|Any CPU
		{443F8F52-6F53-49DC-ADC7-6B2D52315C0F}.Release|Any CPU.Build.0 = Release|Any CPU
		{F76C5B0D-5B4F-4D48-92FB-CA52F8AFE87D}.Debug|Any CPU.ActiveCfg = Debug|Any CPU
		{F76C5B0D-5B4F-4D48-92FB-CA52F8AFE87D}.Debug|Any CPU.Build.0 = Debug|Any CPU
		{F76C5B0D-5B4F-4D48-92FB-CA52F8AFE87D}.Release|Any CPU.ActiveCfg = Release|Any CPU
		{F76C5B0D-5B4F-4D48-92FB-CA52F8AFE87D}.Release|Any CPU.Build.0 = Release|Any CPU
		{89FFE992-295F-4F4D-B2A5-4A47F1FE1A8D}.Debug|Any CPU.ActiveCfg = Debug|Any CPU
		{89FFE992-295F-4F4D-B2A5-4A47F1FE1A8D}.Debug|Any CPU.Build.0 = Debug|Any CPU
		{89FFE992-295F-4F4D-B2A5-4A47F1FE1A8D}.Release|Any CPU.ActiveCfg = Release|Any CPU
		{89FFE992-295F-4F4D-B2A5-4A47F1FE1A8D}.Release|Any CPU.Build.0 = Release|Any CPU
		{3CAB3FA1-948F-4C26-9CC9-2D366F4A42D7}.Debug|Any CPU.ActiveCfg = Debug|Any CPU
		{3CAB3FA1-948F-4C26-9CC9-2D366F4A42D7}.Debug|Any CPU.Build.0 = Debug|Any CPU
		{3CAB3FA1-948F-4C26-9CC9-2D366F4A42D7}.Release|Any CPU.ActiveCfg = Release|Any CPU
		{3CAB3FA1-948F-4C26-9CC9-2D366F4A42D7}.Release|Any CPU.Build.0 = Release|Any CPU
		{3B1158EE-7966-43DC-9226-6D5EE2ED06C6}.Debug|Any CPU.ActiveCfg = Debug|Any CPU
		{3B1158EE-7966-43DC-9226-6D5EE2ED06C6}.Debug|Any CPU.Build.0 = Debug|Any CPU
		{3B1158EE-7966-43DC-9226-6D5EE2ED06C6}.Release|Any CPU.ActiveCfg = Release|Any CPU
		{3B1158EE-7966-43DC-9226-6D5EE2ED06C6}.Release|Any CPU.Build.0 = Release|Any CPU
		{6F86F687-CF40-4028-BDA8-B69753B33619}.Debug|Any CPU.ActiveCfg = Debug|Any CPU
		{6F86F687-CF40-4028-BDA8-B69753B33619}.Debug|Any CPU.Build.0 = Debug|Any CPU
		{6F86F687-CF40-4028-BDA8-B69753B33619}.Release|Any CPU.ActiveCfg = Release|Any CPU
		{6F86F687-CF40-4028-BDA8-B69753B33619}.Release|Any CPU.Build.0 = Release|Any CPU
		{EE98B96C-650B-4A7C-B3C1-C3148F655179}.Debug|Any CPU.ActiveCfg = Debug|Any CPU
		{EE98B96C-650B-4A7C-B3C1-C3148F655179}.Debug|Any CPU.Build.0 = Debug|Any CPU
		{EE98B96C-650B-4A7C-B3C1-C3148F655179}.Release|Any CPU.ActiveCfg = Release|Any CPU
		{EE98B96C-650B-4A7C-B3C1-C3148F655179}.Release|Any CPU.Build.0 = Release|Any CPU
		{AC5B5E03-05ED-451B-B43C-42016E467150}.Debug|Any CPU.ActiveCfg = Debug|Any CPU
		{AC5B5E03-05ED-451B-B43C-42016E467150}.Debug|Any CPU.Build.0 = Debug|Any CPU
		{AC5B5E03-05ED-451B-B43C-42016E467150}.Release|Any CPU.ActiveCfg = Release|Any CPU
		{AC5B5E03-05ED-451B-B43C-42016E467150}.Release|Any CPU.Build.0 = Release|Any CPU
		{82F7CFC2-AAF9-4D62-A2AE-A73053EE5384}.Debug|Any CPU.ActiveCfg = Debug|Any CPU
		{82F7CFC2-AAF9-4D62-A2AE-A73053EE5384}.Debug|Any CPU.Build.0 = Debug|Any CPU
		{82F7CFC2-AAF9-4D62-A2AE-A73053EE5384}.Release|Any CPU.ActiveCfg = Release|Any CPU
		{82F7CFC2-AAF9-4D62-A2AE-A73053EE5384}.Release|Any CPU.Build.0 = Release|Any CPU
		{69F10365-D297-4F34-B26D-98E5AC1ED094}.Debug|Any CPU.ActiveCfg = Debug|Any CPU
		{69F10365-D297-4F34-B26D-98E5AC1ED094}.Debug|Any CPU.Build.0 = Debug|Any CPU
		{69F10365-D297-4F34-B26D-98E5AC1ED094}.Release|Any CPU.ActiveCfg = Release|Any CPU
		{69F10365-D297-4F34-B26D-98E5AC1ED094}.Release|Any CPU.Build.0 = Release|Any CPU
		{FA9BDCBE-2B8A-4B30-86A2-1A029EB589F8}.Debug|Any CPU.ActiveCfg = Debug|Any CPU
		{FA9BDCBE-2B8A-4B30-86A2-1A029EB589F8}.Debug|Any CPU.Build.0 = Debug|Any CPU
		{FA9BDCBE-2B8A-4B30-86A2-1A029EB589F8}.Release|Any CPU.ActiveCfg = Release|Any CPU
		{FA9BDCBE-2B8A-4B30-86A2-1A029EB589F8}.Release|Any CPU.Build.0 = Release|Any CPU
		{4D7EA6D6-3481-4E4F-BA9A-4F4CED171CFC}.Debug|Any CPU.ActiveCfg = Debug|Any CPU
		{4D7EA6D6-3481-4E4F-BA9A-4F4CED171CFC}.Debug|Any CPU.Build.0 = Debug|Any CPU
		{4D7EA6D6-3481-4E4F-BA9A-4F4CED171CFC}.Release|Any CPU.ActiveCfg = Release|Any CPU
		{4D7EA6D6-3481-4E4F-BA9A-4F4CED171CFC}.Release|Any CPU.Build.0 = Release|Any CPU
		{A4AB473F-BAEF-4993-BEDF-5ECCF7BCDF0E}.Debug|Any CPU.ActiveCfg = Debug|Any CPU
		{A4AB473F-BAEF-4993-BEDF-5ECCF7BCDF0E}.Debug|Any CPU.Build.0 = Debug|Any CPU
		{A4AB473F-BAEF-4993-BEDF-5ECCF7BCDF0E}.Release|Any CPU.ActiveCfg = Release|Any CPU
		{A4AB473F-BAEF-4993-BEDF-5ECCF7BCDF0E}.Release|Any CPU.Build.0 = Release|Any CPU
		{9183AB7A-024B-4220-BB5A-BD98DF5EBB58}.Debug|Any CPU.ActiveCfg = Debug|Any CPU
		{9183AB7A-024B-4220-BB5A-BD98DF5EBB58}.Debug|Any CPU.Build.0 = Debug|Any CPU
		{9183AB7A-024B-4220-BB5A-BD98DF5EBB58}.Release|Any CPU.ActiveCfg = Release|Any CPU
		{9183AB7A-024B-4220-BB5A-BD98DF5EBB58}.Release|Any CPU.Build.0 = Release|Any CPU
	EndGlobalSection
	GlobalSection(SolutionProperties) = preSolution
		HideSolutionNode = FALSE
	EndGlobalSection
	GlobalSection(NestedProjects) = preSolution
		{C8926C5D-2F67-4F90-982B-FFB45F517D65} = {FC704106-833B-484D-B71C-E45123A9EC30}
		{BD3812F8-8783-42C6-B231-8A032EF9481F} = {54A8F6F9-D101-4680-9D83-148EFA188F0E}
		{77C73D0D-E122-4C65-B63B-B89C8E28F69E} = {D2B590AD-CC11-4062-A3C3-0718E17D651C}
		{7DC3E4B1-675C-4122-AA58-4BCBA06C4A82} = {D2B590AD-CC11-4062-A3C3-0718E17D651C}
		{FC704106-833B-484D-B71C-E45123A9EC30} = {451349E0-02AB-415D-9D73-E91A6509404A}
		{54A8F6F9-D101-4680-9D83-148EFA188F0E} = {451349E0-02AB-415D-9D73-E91A6509404A}
		{9057D64B-F3A3-4127-89EA-622C2430FD25} = {1ADFD29B-9AE9-4E79-923B-072E807A2AAF}
		{D641472C-1E35-4F9D-8949-90E6C17D7078} = {1ADFD29B-9AE9-4E79-923B-072E807A2AAF}
		{95501476-3BCD-48DA-A4E5-696A0B78A0BD} = {1ADFD29B-9AE9-4E79-923B-072E807A2AAF}
		{B62C8404-A5FA-4D58-9398-1E3C55C28D14} = {BD3812F8-8783-42C6-B231-8A032EF9481F}
		{80CED839-FE4A-4286-9403-252D230BA2A0} = {7DC3E4B1-675C-4122-AA58-4BCBA06C4A82}
		{C0DDDE39-2D65-4AF5-90D4-F35D87A79009} = {040F270A-3788-4E88-99A6-F236286DE3E7}
		{2B484022-3EF7-4BAB-ADB8-849F9E419EDD} = {C8926C5D-2F67-4F90-982B-FFB45F517D65}
		{13FB6752-9BC0-4FD8-9A7A-27E6A8D9771B} = {D641472C-1E35-4F9D-8949-90E6C17D7078}
		{AD29BE0F-6E29-4E7A-9312-F31431678617} = {D641472C-1E35-4F9D-8949-90E6C17D7078}
		{B10C6018-2154-42CF-B199-34ACC11D4116} = {D641472C-1E35-4F9D-8949-90E6C17D7078}
		{05BC5553-5423-46E8-B996-E69DFB59430A} = {9057D64B-F3A3-4127-89EA-622C2430FD25}
		{22E352A4-7383-4EA7-AC06-3FC0DA85F98A} = {9057D64B-F3A3-4127-89EA-622C2430FD25}
		{443F8F52-6F53-49DC-ADC7-6B2D52315C0F} = {9057D64B-F3A3-4127-89EA-622C2430FD25}
		{F76C5B0D-5B4F-4D48-92FB-CA52F8AFE87D} = {040F270A-3788-4E88-99A6-F236286DE3E7}
		{89FFE992-295F-4F4D-B2A5-4A47F1FE1A8D} = {040F270A-3788-4E88-99A6-F236286DE3E7}
		{3CAB3FA1-948F-4C26-9CC9-2D366F4A42D7} = {BD3812F8-8783-42C6-B231-8A032EF9481F}
		{3B1158EE-7966-43DC-9226-6D5EE2ED06C6} = {BD3812F8-8783-42C6-B231-8A032EF9481F}
		{6F86F687-CF40-4028-BDA8-B69753B33619} = {C8926C5D-2F67-4F90-982B-FFB45F517D65}
		{EE98B96C-650B-4A7C-B3C1-C3148F655179} = {C8926C5D-2F67-4F90-982B-FFB45F517D65}
		{AC5B5E03-05ED-451B-B43C-42016E467150} = {7DC3E4B1-675C-4122-AA58-4BCBA06C4A82}
		{82F7CFC2-AAF9-4D62-A2AE-A73053EE5384} = {7DC3E4B1-675C-4122-AA58-4BCBA06C4A82}
		{69F10365-D297-4F34-B26D-98E5AC1ED094} = {77C73D0D-E122-4C65-B63B-B89C8E28F69E}
		{FA9BDCBE-2B8A-4B30-86A2-1A029EB589F8} = {77C73D0D-E122-4C65-B63B-B89C8E28F69E}
		{4D7EA6D6-3481-4E4F-BA9A-4F4CED171CFC} = {77C73D0D-E122-4C65-B63B-B89C8E28F69E}
		{A4AB473F-BAEF-4993-BEDF-5ECCF7BCDF0E} = {77C73D0D-E122-4C65-B63B-B89C8E28F69E}
		{9183AB7A-024B-4220-BB5A-BD98DF5EBB58} = {040F270A-3788-4E88-99A6-F236286DE3E7}
	EndGlobalSection
	GlobalSection(ExtensibilityGlobals) = postSolution
		SolutionGuid = {13EAB81A-C6B2-4C22-B4DE-C6603FC445B6}
	EndGlobalSection
EndGlobal
